{
  "version": 4,
  "terraform_version": "1.8.5",
  "serial": 5,
  "lineage": "485241e0-9e87-334a-274b-bc4b9c216abc",
  "outputs": {},
  "resources": [
    {
      "mode": "managed",
      "type": "github_repository",
      "name": "terraform-first-repo",
      "provider": "provider[\"registry.terraform.io/hashicorp/github\"]",
      "instances": [
        {
          "schema_version": 1,
          "attributes": {
            "allow_auto_merge": false,
            "allow_merge_commit": true,
            "allow_rebase_merge": true,
            "allow_squash_merge": true,
            "allow_update_branch": false,
            "archive_on_destroy": null,
            "archived": false,
            "auto_init": true,
            "default_branch": "main",
            "delete_branch_on_merge": false,
            "description": "My first Terraform repository",
            "etag": "W/\"51d769d9204170d7817c3868f11705b76ed6e1b1339f2362e83aa862fc04691d\"",
            "full_name": "ankitAMD/terraform-first-repo",
            "git_clone_url": "git://github.com/ankitAMD/terraform-first-repo.git",
            "gitignore_template": null,
            "has_discussions": false,
            "has_downloads": false,
            "has_issues": false,
            "has_projects": false,
            "has_wiki": false,
            "homepage_url": "",
            "html_url": "https://github.com/ankitAMD/terraform-first-repo",
            "http_clone_url": "https://github.com/ankitAMD/terraform-first-repo.git",
            "id": "terraform-first-repo",
            "ignore_vulnerability_alerts_during_read": null,
            "is_template": false,
            "license_template": null,
            "merge_commit_message": "PR_TITLE",
            "merge_commit_title": "MERGE_MESSAGE",
            "name": "terraform-first-repo",
            "node_id": "R_kgDONihH-A",
            "pages": [],
            "primary_language": "",
            "private": false,
            "repo_id": 908609528,
            "security_and_analysis": [],
            "squash_merge_commit_message": "COMMIT_MESSAGES",
            "squash_merge_commit_title": "COMMIT_OR_PR_TITLE",
            "ssh_clone_url": "git@github.com:ankitAMD/terraform-first-repo.git",
            "svn_url": "https://github.com/ankitAMD/terraform-first-repo",
            "template": [],
            "topics": [],
            "visibility": "public",
            "vulnerability_alerts": false,
            "web_commit_signoff_required": false
          },
          "sensitive_attributes": [],
          "private": "eyJzY2hlbWFfdmVyc2lvbiI6IjEifQ=="
        }
      ]
    }
  ],
  "check_results": null
}
